
Microsoft Visual Studio Solution File, Format Version 12.00
# Visual Studio 2013
VisualStudioVersion = 12.0.31101.0
MinimumVisualStudioVersion = 10.0.40219.1
Project("{FAE04EC0-301F-11D3-BF4B-00C04F79EFBC}") = "Site", "Site\Site.csproj", "{2745A677-FA5F-42F2-B124-0E2E79D63F9A}"
EndProject
Project("{2150E333-8FDC-42A3-9474-1A3956D46DE8}") = ".nuget", ".nuget", "{A812F5AE-88D8-45A3-BC15-848A4568DD7B}"
	ProjectSection(SolutionItems) = preProject
		.nuget\NuGet.Config = .nuget\NuGet.Config
		.nuget\NuGet.exe = .nuget\NuGet.exe
		.nuget\NuGet.targets = .nuget\NuGet.targets
	EndProjectSection
EndProject
Global
	GlobalSection(SolutionConfigurationPlatforms) = preSolution
		Debug|Any CPU = Debug|Any CPU
		Release|Any CPU = Release|Any CPU
	EndGlobalSection
	GlobalSection(ProjectConfigurationPlatforms) = postSolution
		{2745A677-FA5F-42F2-B124-0E2E79D63F9A}.Debug|Any CPU.ActiveCfg = Debug|Any CPU
		{2745A677-FA5F-42F2-B124-0E2E79D63F9A}.Debug|Any CPU.Build.0 = Debug|Any CPU
		{2745A677-FA5F-42F2-B124-0E2E79D63F9A}.Release|Any CPU.ActiveCfg = Release|Any CPU
		{2745A677-FA5F-42F2-B124-0E2E79D63F9A}.Release|Any CPU.Build.0 = Release|Any CPU
	EndGlobalSection
	GlobalSection(SolutionProperties) = preSolution
		HideSolutionNode = FALSE
	EndGlobalSection
EndGlobal
